
Microsoft Visual Studio Solution File, Format Version 12.00
# Visual Studio Version 16
VisualStudioVersion = 16.0.29306.81
MinimumVisualStudioVersion = 10.0.40219.1
Project("{FAE04EC0-301F-11D3-BF4B-00C04F79EFBC}") = "RGB Mixer", "RGB Mixer\RGB Mixer.csproj", "{6F1D38B4-6BD2-48C5-9C46-AC3A2533DC26}"
EndProject
Global
	GlobalSection(SolutionConfigurationPlatforms) = preSolution
		Debug|Any CPU = Debug|Any CPU
		Release|Any CPU = Release|Any CPU
	EndGlobalSection
	GlobalSection(ProjectConfigurationPlatforms) = postSolution
		{6F1D38B4-6BD2-48C5-9C46-AC3A2533DC26}.Debug|Any CPU.ActiveCfg = Debug|Any CPU
		{6F1D38B4-6BD2-48C5-9C46-AC3A2533DC26}.Debug|Any CPU.Build.0 = Debug|Any CPU
		{6F1D38B4-6BD2-48C5-9C46-AC3A2533DC26}.Release|Any CPU.ActiveCfg = Release|Any CPU
		{6F1D38B4-6BD2-48C5-9C46-AC3A2533DC26}.Release|Any CPU.Build.0 = Release|Any CPU
	EndGlobalSection
	GlobalSection(SolutionProperties) = preSolution
		HideSolutionNode = FALSE
	EndGlobalSection
	GlobalSection(ExtensibilityGlobals) = postSolution
		SolutionGuid = {409BF69C-4D3A-488A-B4F9-7AAF52246C55}
	EndGlobalSection
EndGlobal
